{
  "originHash" : "f4f868bde8438579a075a5f0584f47994eeb8426710a99a91535d07f4eedb130",
  "pins" : [
    {
      "identity" : "occtswift",
      "kind" : "remoteSourceControl",
      "location" : "https://github.com/gsdali/OCCTSwift.git",
      "state" : {
        "revision" : "4f77ad043f723b64c69240475bdda8f1c483b2d5",
        "version" : "0.140.0"
      }
    }
  ],
  "version" : 3
}
