{
  "originHash" : "603ebc25d9a38010c1bb7c77d53f099ce94b9ebcfb5219c01194ab60d723fbeb",
  "pins" : [
    {
      "identity" : "occtswift",
      "kind" : "remoteSourceControl",
      "location" : "https://github.com/gsdali/OCCTSwift.git",
      "state" : {
        "revision" : "4f77ad043f723b64c69240475bdda8f1c483b2d5",
        "version" : "0.140.0"
      }
    },
    {
      "identity" : "swiftgcs",
      "kind" : "remoteSourceControl",
      "location" : "https://github.com/gsdali/swiftGCS.git",
      "state" : {
        "revision" : "e6d3049814c87cf7d3746eb7c5ffa5d190913234",
        "version" : "0.1.1"
      }
    }
  ],
  "version" : 3
}
